
Microsoft Visual Studio Solution File, Format Version 12.00
# Visual Studio Version 16
VisualStudioVersion = 16.0.30907.101
MinimumVisualStudioVersion = 10.0.40219.1
Project("{FAE04EC0-301F-11D3-BF4B-00C04F79EFBC}") = "Recruitment.Core", "Recruitment.Core\Recruitment.Core.csproj", "{59DB1D35-E12A-40CE-9EF3-ECF7EA488663}"
EndProject
Project("{FAE04EC0-301F-11D3-BF4B-00C04F79EFBC}") = "Recruitment.Data", "Recruitment.Data\Recruitment.Data.csproj", "{8CA553C1-B862-4F52-90A1-9DE37622AC53}"
EndProject
Project("{FAE04EC0-301F-11D3-BF4B-00C04F79EFBC}") = "Recruitment.Service", "Recruitment.Service\Recruitment.Service.csproj", "{9E8E696F-0D92-4269-9F4C-6FA35A6C69BA}"
EndProject
Project("{FAE04EC0-301F-11D3-BF4B-00C04F79EFBC}") = "Recruitment.Web", "Recruitment.Web\Recruitment.Web.csproj", "{292E7688-062D-47E3-83EA-8F163A106582}"
EndProject
Project("{FAE04EC0-301F-11D3-BF4B-00C04F79EFBC}") = "Recruitment.Test", "Recruitment.Test\Recruitment.Test.csproj", "{B71D35F2-773F-4AD3-92CF-1D3F04A2C26C}"
EndProject
Global
	GlobalSection(SolutionConfigurationPlatforms) = preSolution
		Debug|Any CPU = Debug|Any CPU
		Release|Any CPU = Release|Any CPU
	EndGlobalSection
	GlobalSection(ProjectConfigurationPlatforms) = postSolution
		{59DB1D35-E12A-40CE-9EF3-ECF7EA488663}.Debug|Any CPU.ActiveCfg = Debug|Any CPU
		{59DB1D35-E12A-40CE-9EF3-ECF7EA488663}.Debug|Any CPU.Build.0 = Debug|Any CPU
		{59DB1D35-E12A-40CE-9EF3-ECF7EA488663}.Release|Any CPU.ActiveCfg = Release|Any CPU
		{59DB1D35-E12A-40CE-9EF3-ECF7EA488663}.Release|Any CPU.Build.0 = Release|Any CPU
		{8CA553C1-B862-4F52-90A1-9DE37622AC53}.Debug|Any CPU.ActiveCfg = Debug|Any CPU
		{8CA553C1-B862-4F52-90A1-9DE37622AC53}.Debug|Any CPU.Build.0 = Debug|Any CPU
		{8CA553C1-B862-4F52-90A1-9DE37622AC53}.Release|Any CPU.ActiveCfg = Release|Any CPU
		{8CA553C1-B862-4F52-90A1-9DE37622AC53}.Release|Any CPU.Build.0 = Release|Any CPU
		{9E8E696F-0D92-4269-9F4C-6FA35A6C69BA}.Debug|Any CPU.ActiveCfg = Debug|Any CPU
		{9E8E696F-0D92-4269-9F4C-6FA35A6C69BA}.Debug|Any CPU.Build.0 = Debug|Any CPU
		{9E8E696F-0D92-4269-9F4C-6FA35A6C69BA}.Release|Any CPU.ActiveCfg = Release|Any CPU
		{9E8E696F-0D92-4269-9F4C-6FA35A6C69BA}.Release|Any CPU.Build.0 = Release|Any CPU
		{292E7688-062D-47E3-83EA-8F163A106582}.Debug|Any CPU.ActiveCfg = Debug|Any CPU
		{292E7688-062D-47E3-83EA-8F163A106582}.Debug|Any CPU.Build.0 = Debug|Any CPU
		{292E7688-062D-47E3-83EA-8F163A106582}.Release|Any CPU.ActiveCfg = Release|Any CPU
		{292E7688-062D-47E3-83EA-8F163A106582}.Release|Any CPU.Build.0 = Release|Any CPU
		{B71D35F2-773F-4AD3-92CF-1D3F04A2C26C}.Debug|Any CPU.ActiveCfg = Debug|Any CPU
		{B71D35F2-773F-4AD3-92CF-1D3F04A2C26C}.Debug|Any CPU.Build.0 = Debug|Any CPU
		{B71D35F2-773F-4AD3-92CF-1D3F04A2C26C}.Release|Any CPU.ActiveCfg = Release|Any CPU
		{B71D35F2-773F-4AD3-92CF-1D3F04A2C26C}.Release|Any CPU.Build.0 = Release|Any CPU
	EndGlobalSection
	GlobalSection(SolutionProperties) = preSolution
		HideSolutionNode = FALSE
	EndGlobalSection
	GlobalSection(ExtensibilityGlobals) = postSolution
		SolutionGuid = {AE79B904-2DAC-4EE1-9516-30A2F280098C}
	EndGlobalSection
EndGlobal
